
Microsoft Visual Studio Solution File, Format Version 12.00
# Visual Studio 15
VisualStudioVersion = 15.0.26730.16
MinimumVisualStudioVersion = 10.0.40219.1
Project("{FAE04EC0-301F-11D3-BF4B-00C04F79EFBC}") = "TeamSourceControlProject", "TeamSourceControlProject\TeamSourceControlProject.csproj", "{4D78476F-B0C9-438C-92B2-F8922514E4FB}"
EndProject
Global
	GlobalSection(SolutionConfigurationPlatforms) = preSolution
		Debug|Any CPU = Debug|Any CPU
		Release|Any CPU = Release|Any CPU
	EndGlobalSection
	GlobalSection(ProjectConfigurationPlatforms) = postSolution
		{4D78476F-B0C9-438C-92B2-F8922514E4FB}.Debug|Any CPU.ActiveCfg = Debug|Any CPU
		{4D78476F-B0C9-438C-92B2-F8922514E4FB}.Debug|Any CPU.Build.0 = Debug|Any CPU
		{4D78476F-B0C9-438C-92B2-F8922514E4FB}.Release|Any CPU.ActiveCfg = Release|Any CPU
		{4D78476F-B0C9-438C-92B2-F8922514E4FB}.Release|Any CPU.Build.0 = Release|Any CPU
	EndGlobalSection
	GlobalSection(SolutionProperties) = preSolution
		HideSolutionNode = FALSE
	EndGlobalSection
	GlobalSection(ExtensibilityGlobals) = postSolution
		SolutionGuid = {C20AC6B0-6963-442F-AF60-C1CD96743565}
	EndGlobalSection
EndGlobal
